# This file is autogenerated, do not edit; changes may be undone by the next 'dep ensure'.


[[projects]]
  name = "github.com/patrickmn/go-cache"
  packages = ["."]
  revision = "1881a9bccb818787f68c52bfba648c6cf34c34fa"
  version = "v2.0.0"

[[projects]]
  name = "github.com/pressly/chi"
  packages = ["."]
  revision = "967844826e58cf31213a7dfb82455d242ad85101"
  version = "v3.0.0"

[[projects]]
  name = "github.com/rs/cors"
  packages = ["."]
  revision = "8dd4211afb5d08dbb39a533b9bb9e4b486351df6"
  version = "v1.1"

[[projects]]
  name = "github.com/sirupsen/logrus"
  packages = ["."]
  revision = "202f25545ea4cf9b191ff7f846df5d87c9382c2b"
  version = "v1.0.0"

[[projects]]
  branch = "master"
  name = "github.com/spf13/pflag"
  packages = ["."]
  revision = "e57e3eeb33f795204c1ca35f56c44f83227c6e66"

[[projects]]
  branch = "master"
  name = "golang.org/x/sys"
  packages = ["unix"]
  revision = "4ed4d404df456f81e878683a0363ed3013a59003"

[solve-meta]
  analyzer-name = "dep"
  analyzer-version = 1
  inputs-digest = "f4b3b51e595ef19e3bf9b39129d1cda2120957137842fa90d5fe78acf850ab63"
  solver-name = "gps-cdcl"
  solver-version = 1
